<Solution>
  <Project Path="Assembly-CSharp.csproj" />
  <Project Path="CrashKonijn.Goap.Core.csproj" />
  <Project Path="CrashKonijn.Goap.Runtime.csproj" />
  <Project Path="CrashKonijn.Goap.Editor.csproj" />
  <Project Path="CrashKonijn.Agent.Runtime.csproj" />
  <Project Path="Assembly-CSharp-Editor.csproj" />
  <Project Path="CrashKonijn.Goap.Resolver.csproj" />
  <Project Path="CrashKonijn.Agent.Core.csproj" />
  <Project Path="Assembly-CSharp-firstpass.csproj" />
</Solution>
